// !$*UTF8*$!
{
	archiveVersion = 1;
	classes = {
	};
	objectVersion = 46;
	objects = {

/* Begin PBXBuildFile section */
		381193C51E2D4C1A00CF9D00 /* OCVMat.h in Headers */ = {isa = PBXBuildFile; fileRef = 381193C31E2D4C1A00CF9D00 /* OCVMat.h */; };
		381193C61E2D4C1A00CF9D00 /* OCVMat.mm in Sources */ = {isa = PBXBuildFile; fileRef = 381193C41E2D4C1A00CF9D00 /* OCVMat.mm */; };
		381193C91E2D4FDA00CF9D00 /* OCVSize.h in Headers */ = {isa = PBXBuildFile; fileRef = 381193C71E2D4FDA00CF9D00 /* OCVSize.h */; };
		381193CA1E2D4FDA00CF9D00 /* OCVSize.mm in Sources */ = {isa = PBXBuildFile; fileRef = 381193C81E2D4FDA00CF9D00 /* OCVSize.mm */; };
		381193CD1E2D524500CF9D00 /* OCVMatExpr.h in Headers */ = {isa = PBXBuildFile; fileRef = 381193CB1E2D524500CF9D00 /* OCVMatExpr.h */; };
		381193CE1E2D524500CF9D00 /* OCVMatExpr.mm in Sources */ = {isa = PBXBuildFile; fileRef = 381193CC1E2D524500CF9D00 /* OCVMatExpr.mm */; };
		381193D11E2D532500CF9D00 /* OCVInputArray.h in Headers */ = {isa = PBXBuildFile; fileRef = 381193CF1E2D532500CF9D00 /* OCVInputArray.h */; };
		381193D21E2D532500CF9D00 /* OCVInputArray.m in Sources */ = {isa = PBXBuildFile; fileRef = 381193D01E2D532500CF9D00 /* OCVInputArray.m */; };
		381193D61E2D551D00CF9D00 /* OCVComplex.h in Headers */ = {isa = PBXBuildFile; fileRef = 381193D41E2D551D00CF9D00 /* OCVComplex.h */; };
		381193D71E2D551D00CF9D00 /* OCVComplex.m in Sources */ = {isa = PBXBuildFile; fileRef = 381193D51E2D551D00CF9D00 /* OCVComplex.m */; };
		381F15091E2AA1D50072F870 /* opencv2.framework in Frameworks */ = {isa = PBXBuildFile; fileRef = 381F15081E2AA1D50072F870 /* opencv2.framework */; };
		381F150B1E2AA22A0072F870 /* LegoCV.framework in Frameworks */ = {isa = PBXBuildFile; fileRef = 38B4D4B01E2AA01F008AAAB0 /* LegoCV.framework */; };
		381F150C1E2AA22A0072F870 /* LegoCV.framework in Embed Frameworks */ = {isa = PBXBuildFile; fileRef = 38B4D4B01E2AA01F008AAAB0 /* LegoCV.framework */; settings = {ATTRIBUTES = (CodeSignOnCopy, RemoveHeadersOnCopy, ); }; };
		38B4D4BA1E2AA01F008AAAB0 /* LegoCV.framework in Frameworks */ = {isa = PBXBuildFile; fileRef = 38B4D4B01E2AA01F008AAAB0 /* LegoCV.framework */; };
		38B4D4BF1E2AA01F008AAAB0 /* LegoCVTests.swift in Sources */ = {isa = PBXBuildFile; fileRef = 38B4D4BE1E2AA01F008AAAB0 /* LegoCVTests.swift */; };
		38B4D4C11E2AA01F008AAAB0 /* LegoCV.h in Headers */ = {isa = PBXBuildFile; fileRef = 38B4D4B31E2AA01F008AAAB0 /* LegoCV.h */; settings = {ATTRIBUTES = (Public, ); }; };
		38B4D4D31E2AA110008AAAB0 /* AppDelegate.swift in Sources */ = {isa = PBXBuildFile; fileRef = 38B4D4D21E2AA110008AAAB0 /* AppDelegate.swift */; };
		38B4D4D51E2AA110008AAAB0 /* ViewController.swift in Sources */ = {isa = PBXBuildFile; fileRef = 38B4D4D41E2AA110008AAAB0 /* ViewController.swift */; };
		38B4D4D81E2AA110008AAAB0 /* Main.storyboard in Resources */ = {isa = PBXBuildFile; fileRef = 38B4D4D61E2AA110008AAAB0 /* Main.storyboard */; };
		38B4D4DA1E2AA111008AAAB0 /* Assets.xcassets in Resources */ = {isa = PBXBuildFile; fileRef = 38B4D4D91E2AA111008AAAB0 /* Assets.xcassets */; };
		38B4D4DD1E2AA111008AAAB0 /* LaunchScreen.storyboard in Resources */ = {isa = PBXBuildFile; fileRef = 38B4D4DB1E2AA111008AAAB0 /* LaunchScreen.storyboard */; };
/* End PBXBuildFile section */

/* Begin PBXContainerItemProxy section */
		381F150D1E2AA22A0072F870 /* PBXContainerItemProxy */ = {
			isa = PBXContainerItemProxy;
			containerPortal = 38B4D4A71E2AA01F008AAAB0 /* Project object */;
			proxyType = 1;
			remoteGlobalIDString = 38B4D4AF1E2AA01F008AAAB0;
			remoteInfo = LegoCV;
		};
		38B4D4BB1E2AA01F008AAAB0 /* PBXContainerItemProxy */ = {
			isa = PBXContainerItemProxy;
			containerPortal = 38B4D4A71E2AA01F008AAAB0 /* Project object */;
			proxyType = 1;
			remoteGlobalIDString = 38B4D4AF1E2AA01F008AAAB0;
			remoteInfo = LegoCV;
		};
/* End PBXContainerItemProxy section */

/* Begin PBXCopyFilesBuildPhase section */
		381F150F1E2AA22A0072F870 /* Embed Frameworks */ = {
			isa = PBXCopyFilesBuildPhase;
			buildActionMask = 2147483647;
			dstPath = "";
			dstSubfolderSpec = 10;
			files = (
				381F150C1E2AA22A0072F870 /* LegoCV.framework in Embed Frameworks */,
			);
			name = "Embed Frameworks";
			runOnlyForDeploymentPostprocessing = 0;
		};
/* End PBXCopyFilesBuildPhase section */

/* Begin PBXFileReference section */
		381193C31E2D4C1A00CF9D00 /* OCVMat.h */ = {isa = PBXFileReference; explicitFileType = sourcecode.cpp.objcpp; fileEncoding = 4; path = OCVMat.h; sourceTree = "<group>"; };
		381193C41E2D4C1A00CF9D00 /* OCVMat.mm */ = {isa = PBXFileReference; fileEncoding = 4; lastKnownFileType = sourcecode.cpp.objcpp; path = OCVMat.mm; sourceTree = "<group>"; };
		381193C71E2D4FDA00CF9D00 /* OCVSize.h */ = {isa = PBXFileReference; explicitFileType = sourcecode.cpp.objcpp; fileEncoding = 4; path = OCVSize.h; sourceTree = "<group>"; };
		381193C81E2D4FDA00CF9D00 /* OCVSize.mm */ = {isa = PBXFileReference; fileEncoding = 4; lastKnownFileType = sourcecode.cpp.objcpp; path = OCVSize.mm; sourceTree = "<group>"; };
		381193CB1E2D524500CF9D00 /* OCVMatExpr.h */ = {isa = PBXFileReference; explicitFileType = sourcecode.cpp.objcpp; fileEncoding = 4; path = OCVMatExpr.h; sourceTree = "<group>"; };
		381193CC1E2D524500CF9D00 /* OCVMatExpr.mm */ = {isa = PBXFileReference; fileEncoding = 4; lastKnownFileType = sourcecode.cpp.objcpp; path = OCVMatExpr.mm; sourceTree = "<group>"; };
		381193CF1E2D532500CF9D00 /* OCVInputArray.h */ = {isa = PBXFileReference; fileEncoding = 4; lastKnownFileType = sourcecode.c.h; path = OCVInputArray.h; sourceTree = "<group>"; };
		381193D01E2D532500CF9D00 /* OCVInputArray.m */ = {isa = PBXFileReference; fileEncoding = 4; lastKnownFileType = sourcecode.c.objc; path = OCVInputArray.m; sourceTree = "<group>"; };
		381193D31E2D546200CF9D00 /* OCVTypes.h */ = {isa = PBXFileReference; lastKnownFileType = sourcecode.c.h; path = OCVTypes.h; sourceTree = "<group>"; };
		381193D41E2D551D00CF9D00 /* OCVComplex.h */ = {isa = PBXFileReference; fileEncoding = 4; lastKnownFileType = sourcecode.c.h; path = OCVComplex.h; sourceTree = "<group>"; };
		381193D51E2D551D00CF9D00 /* OCVComplex.m */ = {isa = PBXFileReference; fileEncoding = 4; lastKnownFileType = sourcecode.c.objc; path = OCVComplex.m; sourceTree = "<group>"; };
		381F15081E2AA1D50072F870 /* opencv2.framework */ = {isa = PBXFileReference; lastKnownFileType = wrapper.framework; name = opencv2.framework; path = ../ios/opencv2.framework; sourceTree = "<group>"; };
		38B4D4B01E2AA01F008AAAB0 /* LegoCV.framework */ = {isa = PBXFileReference; explicitFileType = wrapper.framework; includeInIndex = 0; path = LegoCV.framework; sourceTree = BUILT_PRODUCTS_DIR; };
		38B4D4B31E2AA01F008AAAB0 /* LegoCV.h */ = {isa = PBXFileReference; lastKnownFileType = sourcecode.c.h; path = LegoCV.h; sourceTree = "<group>"; };
		38B4D4B41E2AA01F008AAAB0 /* Info.plist */ = {isa = PBXFileReference; lastKnownFileType = text.plist.xml; path = Info.plist; sourceTree = "<group>"; };
		38B4D4B91E2AA01F008AAAB0 /* LegoCVTests.xctest */ = {isa = PBXFileReference; explicitFileType = wrapper.cfbundle; includeInIndex = 0; path = LegoCVTests.xctest; sourceTree = BUILT_PRODUCTS_DIR; };
		38B4D4BE1E2AA01F008AAAB0 /* LegoCVTests.swift */ = {isa = PBXFileReference; lastKnownFileType = sourcecode.swift; path = LegoCVTests.swift; sourceTree = "<group>"; };
		38B4D4C01E2AA01F008AAAB0 /* Info.plist */ = {isa = PBXFileReference; lastKnownFileType = text.plist.xml; path = Info.plist; sourceTree = "<group>"; };
		38B4D4D01E2AA110008AAAB0 /* FaceDetection.app */ = {isa = PBXFileReference; explicitFileType = wrapper.application; includeInIndex = 0; path = FaceDetection.app; sourceTree = BUILT_PRODUCTS_DIR; };
		38B4D4D21E2AA110008AAAB0 /* AppDelegate.swift */ = {isa = PBXFileReference; lastKnownFileType = sourcecode.swift; path = AppDelegate.swift; sourceTree = "<group>"; };
		38B4D4D41E2AA110008AAAB0 /* ViewController.swift */ = {isa = PBXFileReference; lastKnownFileType = sourcecode.swift; path = ViewController.swift; sourceTree = "<group>"; };
		38B4D4D71E2AA110008AAAB0 /* Base */ = {isa = PBXFileReference; lastKnownFileType = file.storyboard; name = Base; path = Base.lproj/Main.storyboard; sourceTree = "<group>"; };
		38B4D4D91E2AA111008AAAB0 /* Assets.xcassets */ = {isa = PBXFileReference; lastKnownFileType = folder.assetcatalog; path = Assets.xcassets; sourceTree = "<group>"; };
		38B4D4DC1E2AA111008AAAB0 /* Base */ = {isa = PBXFileReference; lastKnownFileType = file.storyboard; name = Base; path = Base.lproj/LaunchScreen.storyboard; sourceTree = "<group>"; };
		38B4D4DE1E2AA111008AAAB0 /* Info.plist */ = {isa = PBXFileReference; lastKnownFileType = text.plist.xml; path = Info.plist; sourceTree = "<group>"; };
/* End PBXFileReference section */

/* Begin PBXFrameworksBuildPhase section */
		38B4D4AC1E2AA01F008AAAB0 /* Frameworks */ = {
			isa = PBXFrameworksBuildPhase;
			buildActionMask = 2147483647;
			files = (
				381F15091E2AA1D50072F870 /* opencv2.framework in Frameworks */,
			);
			runOnlyForDeploymentPostprocessing = 0;
		};
		38B4D4B61E2AA01F008AAAB0 /* Frameworks */ = {
			isa = PBXFrameworksBuildPhase;
			buildActionMask = 2147483647;
			files = (
				38B4D4BA1E2AA01F008AAAB0 /* LegoCV.framework in Frameworks */,
			);
			runOnlyForDeploymentPostprocessing = 0;
		};
		38B4D4CD1E2AA110008AAAB0 /* Frameworks */ = {
			isa = PBXFrameworksBuildPhase;
			buildActionMask = 2147483647;
			files = (
				381F150B1E2AA22A0072F870 /* LegoCV.framework in Frameworks */,
			);
			runOnlyForDeploymentPostprocessing = 0;
		};
/* End PBXFrameworksBuildPhase section */

/* Begin PBXGroup section */
		381193C21E2D4BF600CF9D00 /* Wrapper */ = {
			isa = PBXGroup;
			children = (
				381193D41E2D551D00CF9D00 /* OCVComplex.h */,
				381193D51E2D551D00CF9D00 /* OCVComplex.m */,
				381193C31E2D4C1A00CF9D00 /* OCVMat.h */,
				381193C41E2D4C1A00CF9D00 /* OCVMat.mm */,
				381193CB1E2D524500CF9D00 /* OCVMatExpr.h */,
				381193CC1E2D524500CF9D00 /* OCVMatExpr.mm */,
				381193C71E2D4FDA00CF9D00 /* OCVSize.h */,
				381193C81E2D4FDA00CF9D00 /* OCVSize.mm */,
				381193CF1E2D532500CF9D00 /* OCVInputArray.h */,
				381193D01E2D532500CF9D00 /* OCVInputArray.m */,
				381193D31E2D546200CF9D00 /* OCVTypes.h */,
			);
			path = Wrapper;
			sourceTree = "<group>";
		};
		38B4D4A61E2AA01F008AAAB0 = {
			isa = PBXGroup;
			children = (
				38B4D4CB1E2AA098008AAAB0 /* Examples */,
				38B4D4B21E2AA01F008AAAB0 /* LegoCV */,
				38B4D4BD1E2AA01F008AAAB0 /* LegoCVTests */,
				38B4D4D11E2AA110008AAAB0 /* FaceDetection */,
				38B4D4B11E2AA01F008AAAB0 /* Products */,
				38B4D4CA1E2AA090008AAAB0 /* Frameworks */,
			);
			sourceTree = "<group>";
		};
		38B4D4B11E2AA01F008AAAB0 /* Products */ = {
			isa = PBXGroup;
			children = (
				38B4D4B01E2AA01F008AAAB0 /* LegoCV.framework */,
				38B4D4B91E2AA01F008AAAB0 /* LegoCVTests.xctest */,
				38B4D4D01E2AA110008AAAB0 /* FaceDetection.app */,
			);
			name = Products;
			sourceTree = "<group>";
		};
		38B4D4B21E2AA01F008AAAB0 /* LegoCV */ = {
			isa = PBXGroup;
			children = (
				381193C21E2D4BF600CF9D00 /* Wrapper */,
				38B4D4B31E2AA01F008AAAB0 /* LegoCV.h */,
				38B4D4B41E2AA01F008AAAB0 /* Info.plist */,
			);
			path = LegoCV;
			sourceTree = "<group>";
		};
		38B4D4BD1E2AA01F008AAAB0 /* LegoCVTests */ = {
			isa = PBXGroup;
			children = (
				38B4D4BE1E2AA01F008AAAB0 /* LegoCVTests.swift */,
				38B4D4C01E2AA01F008AAAB0 /* Info.plist */,
			);
			path = LegoCVTests;
			sourceTree = "<group>";
		};
		38B4D4CA1E2AA090008AAAB0 /* Frameworks */ = {
			isa = PBXGroup;
			children = (
				381F15081E2AA1D50072F870 /* opencv2.framework */,
			);
			name = Frameworks;
			sourceTree = "<group>";
		};
		38B4D4CB1E2AA098008AAAB0 /* Examples */ = {
			isa = PBXGroup;
			children = (
			);
			path = Examples;
			sourceTree = "<group>";
		};
		38B4D4D11E2AA110008AAAB0 /* FaceDetection */ = {
			isa = PBXGroup;
			children = (
				38B4D4D21E2AA110008AAAB0 /* AppDelegate.swift */,
				38B4D4D41E2AA110008AAAB0 /* ViewController.swift */,
				38B4D4D61E2AA110008AAAB0 /* Main.storyboard */,
				38B4D4D91E2AA111008AAAB0 /* Assets.xcassets */,
				38B4D4DB1E2AA111008AAAB0 /* LaunchScreen.storyboard */,
				38B4D4DE1E2AA111008AAAB0 /* Info.plist */,
			);
			path = FaceDetection;
			sourceTree = "<group>";
		};
/* End PBXGroup section */

/* Begin PBXHeadersBuildPhase section */
		38B4D4AD1E2AA01F008AAAB0 /* Headers */ = {
			isa = PBXHeadersBuildPhase;
			buildActionMask = 2147483647;
			files = (
				381193C91E2D4FDA00CF9D00 /* OCVSize.h in Headers */,
				381193C51E2D4C1A00CF9D00 /* OCVMat.h in Headers */,
				381193D61E2D551D00CF9D00 /* OCVComplex.h in Headers */,
				381193D11E2D532500CF9D00 /* OCVInputArray.h in Headers */,
				38B4D4C11E2AA01F008AAAB0 /* LegoCV.h in Headers */,
				381193CD1E2D524500CF9D00 /* OCVMatExpr.h in Headers */,
			);
			runOnlyForDeploymentPostprocessing = 0;
		};
/* End PBXHeadersBuildPhase section */

/* Begin PBXNativeTarget section */
		38B4D4AF1E2AA01F008AAAB0 /* LegoCV */ = {
			isa = PBXNativeTarget;
			buildConfigurationList = 38B4D4C41E2AA020008AAAB0 /* Build configuration list for PBXNativeTarget "LegoCV" */;
			buildPhases = (
				38B4D4AB1E2AA01F008AAAB0 /* Sources */,
				38B4D4AC1E2AA01F008AAAB0 /* Frameworks */,
				38B4D4AD1E2AA01F008AAAB0 /* Headers */,
				38B4D4AE1E2AA01F008AAAB0 /* Resources */,
			);
			buildRules = (
			);
			dependencies = (
			);
			name = LegoCV;
			productName = LegoCV;
			productReference = 38B4D4B01E2AA01F008AAAB0 /* LegoCV.framework */;
			productType = "com.apple.product-type.framework";
		};
		38B4D4B81E2AA01F008AAAB0 /* LegoCVTests */ = {
			isa = PBXNativeTarget;
			buildConfigurationList = 38B4D4C71E2AA020008AAAB0 /* Build configuration list for PBXNativeTarget "LegoCVTests" */;
			buildPhases = (
				38B4D4B51E2AA01F008AAAB0 /* Sources */,
				38B4D4B61E2AA01F008AAAB0 /* Frameworks */,
				38B4D4B71E2AA01F008AAAB0 /* Resources */,
			);
			buildRules = (
			);
			dependencies = (
				38B4D4BC1E2AA01F008AAAB0 /* PBXTargetDependency */,
			);
			name = LegoCVTests;
			productName = LegoCVTests;
			productReference = 38B4D4B91E2AA01F008AAAB0 /* LegoCVTests.xctest */;
			productType = "com.apple.product-type.bundle.unit-test";
		};
		38B4D4CF1E2AA110008AAAB0 /* FaceDetection */ = {
			isa = PBXNativeTarget;
			buildConfigurationList = 38B4D4DF1E2AA111008AAAB0 /* Build configuration list for PBXNativeTarget "FaceDetection" */;
			buildPhases = (
				38B4D4CC1E2AA110008AAAB0 /* Sources */,
				38B4D4CD1E2AA110008AAAB0 /* Frameworks */,
				38B4D4CE1E2AA110008AAAB0 /* Resources */,
				381F150F1E2AA22A0072F870 /* Embed Frameworks */,
			);
			buildRules = (
			);
			dependencies = (
				381F150E1E2AA22A0072F870 /* PBXTargetDependency */,
			);
			name = FaceDetection;
			productName = FaceDetection;
			productReference = 38B4D4D01E2AA110008AAAB0 /* FaceDetection.app */;
			productType = "com.apple.product-type.application";
		};
/* End PBXNativeTarget section */

/* Begin PBXProject section */
		38B4D4A71E2AA01F008AAAB0 /* Project object */ = {
			isa = PBXProject;
			attributes = {
				LastSwiftUpdateCheck = 0820;
				LastUpgradeCheck = 0820;
				ORGANIZATIONNAME = "Unified Sense";
				TargetAttributes = {
					38B4D4AF1E2AA01F008AAAB0 = {
						CreatedOnToolsVersion = 8.2.1;
						DevelopmentTeam = 289M6XEDV4;
						ProvisioningStyle = Automatic;
					};
					38B4D4B81E2AA01F008AAAB0 = {
						CreatedOnToolsVersion = 8.2.1;
						DevelopmentTeam = 289M6XEDV4;
						ProvisioningStyle = Automatic;
					};
					38B4D4CF1E2AA110008AAAB0 = {
						CreatedOnToolsVersion = 8.2.1;
						DevelopmentTeam = 289M6XEDV4;
						ProvisioningStyle = Automatic;
					};
				};
			};
			buildConfigurationList = 38B4D4AA1E2AA01F008AAAB0 /* Build configuration list for PBXProject "LegoCV" */;
			compatibilityVersion = "Xcode 3.2";
			developmentRegion = English;
			hasScannedForEncodings = 0;
			knownRegions = (
				en,
				Base,
			);
			mainGroup = 38B4D4A61E2AA01F008AAAB0;
			productRefGroup = 38B4D4B11E2AA01F008AAAB0 /* Products */;
			projectDirPath = "";
			projectRoot = "";
			targets = (
				38B4D4AF1E2AA01F008AAAB0 /* LegoCV */,
				38B4D4B81E2AA01F008AAAB0 /* LegoCVTests */,
				38B4D4CF1E2AA110008AAAB0 /* FaceDetection */,
			);
		};
/* End PBXProject section */

/* Begin PBXResourcesBuildPhase section */
		38B4D4AE1E2AA01F008AAAB0 /* Resources */ = {
			isa = PBXResourcesBuildPhase;
			buildActionMask = 2147483647;
			files = (
			);
			runOnlyForDeploymentPostprocessing = 0;
		};
		38B4D4B71E2AA01F008AAAB0 /* Resources */ = {
			isa = PBXResourcesBuildPhase;
			buildActionMask = 2147483647;
			files = (
			);
			runOnlyForDeploymentPostprocessing = 0;
		};
		38B4D4CE1E2AA110008AAAB0 /* Resources */ = {
			isa = PBXResourcesBuildPhase;
			buildActionMask = 2147483647;
			files = (
				38B4D4DD1E2AA111008AAAB0 /* LaunchScreen.storyboard in Resources */,
				38B4D4DA1E2AA111008AAAB0 /* Assets.xcassets in Resources */,
				38B4D4D81E2AA110008AAAB0 /* Main.storyboard in Resources */,
			);
			runOnlyForDeploymentPostprocessing = 0;
		};
/* End PBXResourcesBuildPhase section */

/* Begin PBXSourcesBuildPhase section */
		38B4D4AB1E2AA01F008AAAB0 /* Sources */ = {
			isa = PBXSourcesBuildPhase;
			buildActionMask = 2147483647;
			files = (
				381193D71E2D551D00CF9D00 /* OCVComplex.m in Sources */,
				381193C61E2D4C1A00CF9D00 /* OCVMat.mm in Sources */,
				381193D21E2D532500CF9D00 /* OCVInputArray.m in Sources */,
				381193CE1E2D524500CF9D00 /* OCVMatExpr.mm in Sources */,
				381193CA1E2D4FDA00CF9D00 /* OCVSize.mm in Sources */,
			);
			runOnlyForDeploymentPostprocessing = 0;
		};
		38B4D4B51E2AA01F008AAAB0 /* Sources */ = {
			isa = PBXSourcesBuildPhase;
			buildActionMask = 2147483647;
			files = (
				38B4D4BF1E2AA01F008AAAB0 /* LegoCVTests.swift in Sources */,
			);
			runOnlyForDeploymentPostprocessing = 0;
		};
		38B4D4CC1E2AA110008AAAB0 /* Sources */ = {
			isa = PBXSourcesBuildPhase;
			buildActionMask = 2147483647;
			files = (
				38B4D4D51E2AA110008AAAB0 /* ViewController.swift in Sources */,
				38B4D4D31E2AA110008AAAB0 /* AppDelegate.swift in Sources */,
			);
			runOnlyForDeploymentPostprocessing = 0;
		};
/* End PBXSourcesBuildPhase section */

/* Begin PBXTargetDependency section */
		381F150E1E2AA22A0072F870 /* PBXTargetDependency */ = {
			isa = PBXTargetDependency;
			target = 38B4D4AF1E2AA01F008AAAB0 /* LegoCV */;
			targetProxy = 381F150D1E2AA22A0072F870 /* PBXContainerItemProxy */;
		};
		38B4D4BC1E2AA01F008AAAB0 /* PBXTargetDependency */ = {
			isa = PBXTargetDependency;
			target = 38B4D4AF1E2AA01F008AAAB0 /* LegoCV */;
			targetProxy = 38B4D4BB1E2AA01F008AAAB0 /* PBXContainerItemProxy */;
		};
/* End PBXTargetDependency section */

/* Begin PBXVariantGroup section */
		38B4D4D61E2AA110008AAAB0 /* Main.storyboard */ = {
			isa = PBXVariantGroup;
			children = (
				38B4D4D71E2AA110008AAAB0 /* Base */,
			);
			name = Main.storyboard;
			sourceTree = "<group>";
		};
		38B4D4DB1E2AA111008AAAB0 /* LaunchScreen.storyboard */ = {
			isa = PBXVariantGroup;
			children = (
				38B4D4DC1E2AA111008AAAB0 /* Base */,
			);
			name = LaunchScreen.storyboard;
			sourceTree = "<group>";
		};
/* End PBXVariantGroup section */

/* Begin XCBuildConfiguration section */
		38B4D4C21E2AA020008AAAB0 /* Debug */ = {
			isa = XCBuildConfiguration;
			buildSettings = {
				ALWAYS_SEARCH_USER_PATHS = NO;
				CLANG_ANALYZER_NONNULL = YES;
				CLANG_CXX_LANGUAGE_STANDARD = "gnu++0x";
				CLANG_CXX_LIBRARY = "libc++";
				CLANG_ENABLE_MODULES = YES;
				CLANG_ENABLE_OBJC_ARC = YES;
				CLANG_WARN_BOOL_CONVERSION = YES;
				CLANG_WARN_CONSTANT_CONVERSION = YES;
				CLANG_WARN_DIRECT_OBJC_ISA_USAGE = YES_ERROR;
				CLANG_WARN_DOCUMENTATION_COMMENTS = YES;
				CLANG_WARN_EMPTY_BODY = YES;
				CLANG_WARN_ENUM_CONVERSION = YES;
				CLANG_WARN_INFINITE_RECURSION = YES;
				CLANG_WARN_INT_CONVERSION = YES;
				CLANG_WARN_OBJC_ROOT_CLASS = YES_ERROR;
				CLANG_WARN_SUSPICIOUS_MOVE = YES;
				CLANG_WARN_UNREACHABLE_CODE = YES;
				CLANG_WARN__DUPLICATE_METHOD_MATCH = YES;
				"CODE_SIGN_IDENTITY[sdk=iphoneos*]" = "iPhone Developer";
				COPY_PHASE_STRIP = NO;
				CURRENT_PROJECT_VERSION = 1;
				DEBUG_INFORMATION_FORMAT = dwarf;
				ENABLE_STRICT_OBJC_MSGSEND = YES;
				ENABLE_TESTABILITY = YES;
				GCC_C_LANGUAGE_STANDARD = gnu99;
				GCC_DYNAMIC_NO_PIC = NO;
				GCC_NO_COMMON_BLOCKS = YES;
				GCC_OPTIMIZATION_LEVEL = 0;
				GCC_PREPROCESSOR_DEFINITIONS = (
					"DEBUG=1",
					"$(inherited)",
				);
				GCC_WARN_64_TO_32_BIT_CONVERSION = YES;
				GCC_WARN_ABOUT_RETURN_TYPE = YES_ERROR;
				GCC_WARN_UNDECLARED_SELECTOR = YES;
				GCC_WARN_UNINITIALIZED_AUTOS = YES_AGGRESSIVE;
				GCC_WARN_UNUSED_FUNCTION = YES;
				GCC_WARN_UNUSED_VARIABLE = YES;
				IPHONEOS_DEPLOYMENT_TARGET = 10.2;
				MTL_ENABLE_DEBUG_INFO = YES;
				ONLY_ACTIVE_ARCH = YES;
				SDKROOT = iphoneos;
				SWIFT_ACTIVE_COMPILATION_CONDITIONS = DEBUG;
				SWIFT_OPTIMIZATION_LEVEL = "-Onone";
				TARGETED_DEVICE_FAMILY = "1,2";
				VERSIONING_SYSTEM = "apple-generic";
				VERSION_INFO_PREFIX = "";
			};
			name = Debug;
		};
		38B4D4C31E2AA020008AAAB0 /* Release */ = {
			isa = XCBuildConfiguration;
			buildSettings = {
				ALWAYS_SEARCH_USER_PATHS = NO;
				CLANG_ANALYZER_NONNULL = YES;
				CLANG_CXX_LANGUAGE_STANDARD = "gnu++0x";
				CLANG_CXX_LIBRARY = "libc++";
				CLANG_ENABLE_MODULES = YES;
				CLANG_ENABLE_OBJC_ARC = YES;
				CLANG_WARN_BOOL_CONVERSION = YES;
				CLANG_WARN_CONSTANT_CONVERSION = YES;
				CLANG_WARN_DIRECT_OBJC_ISA_USAGE = YES_ERROR;
				CLANG_WARN_DOCUMENTATION_COMMENTS = YES;
				CLANG_WARN_EMPTY_BODY = YES;
				CLANG_WARN_ENUM_CONVERSION = YES;
				CLANG_WARN_INFINITE_RECURSION = YES;
				CLANG_WARN_INT_CONVERSION = YES;
				CLANG_WARN_OBJC_ROOT_CLASS = YES_ERROR;
				CLANG_WARN_SUSPICIOUS_MOVE = YES;
				CLANG_WARN_UNREACHABLE_CODE = YES;
				CLANG_WARN__DUPLICATE_METHOD_MATCH = YES;
				"CODE_SIGN_IDENTITY[sdk=iphoneos*]" = "iPhone Developer";
				COPY_PHASE_STRIP = NO;
				CURRENT_PROJECT_VERSION = 1;
				DEBUG_INFORMATION_FORMAT = "dwarf-with-dsym";
				ENABLE_NS_ASSERTIONS = NO;
				ENABLE_STRICT_OBJC_MSGSEND = YES;
				GCC_C_LANGUAGE_STANDARD = gnu99;
				GCC_NO_COMMON_BLOCKS = YES;
				GCC_WARN_64_TO_32_BIT_CONVERSION = YES;
				GCC_WARN_ABOUT_RETURN_TYPE = YES_ERROR;
				GCC_WARN_UNDECLARED_SELECTOR = YES;
				GCC_WARN_UNINITIALIZED_AUTOS = YES_AGGRESSIVE;
				GCC_WARN_UNUSED_FUNCTION = YES;
				GCC_WARN_UNUSED_VARIABLE = YES;
				IPHONEOS_DEPLOYMENT_TARGET = 10.2;
				MTL_ENABLE_DEBUG_INFO = NO;
				SDKROOT = iphoneos;
				SWIFT_OPTIMIZATION_LEVEL = "-Owholemodule";
				TARGETED_DEVICE_FAMILY = "1,2";
				VALIDATE_PRODUCT = YES;
				VERSIONING_SYSTEM = "apple-generic";
				VERSION_INFO_PREFIX = "";
			};
			name = Release;
		};
		38B4D4C51E2AA020008AAAB0 /* Debug */ = {
			isa = XCBuildConfiguration;
			buildSettings = {
				CODE_SIGN_IDENTITY = "";
				DEFINES_MODULE = YES;
				DEVELOPMENT_TEAM = 289M6XEDV4;
				DYLIB_COMPATIBILITY_VERSION = 1;
				DYLIB_CURRENT_VERSION = 1;
				DYLIB_INSTALL_NAME_BASE = "@rpath";
				FRAMEWORK_SEARCH_PATHS = ../ios;
				INFOPLIST_FILE = LegoCV/Info.plist;
				INSTALL_PATH = "$(LOCAL_LIBRARY_DIR)/Frameworks";
				LD_RUNPATH_SEARCH_PATHS = "$(inherited) @executable_path/Frameworks @loader_path/Frameworks";
				PRODUCT_BUNDLE_IDENTIFIER = com.unifiedsense.LegoCV;
				PRODUCT_NAME = "$(TARGET_NAME)";
				SKIP_INSTALL = YES;
				SWIFT_VERSION = 3.0;
			};
			name = Debug;
		};
		38B4D4C61E2AA020008AAAB0 /* Release */ = {
			isa = XCBuildConfiguration;
			buildSettings = {
				CODE_SIGN_IDENTITY = "";
				DEFINES_MODULE = YES;
				DEVELOPMENT_TEAM = 289M6XEDV4;
				DYLIB_COMPATIBILITY_VERSION = 1;
				DYLIB_CURRENT_VERSION = 1;
				DYLIB_INSTALL_NAME_BASE = "@rpath";
				FRAMEWORK_SEARCH_PATHS = ../ios;
				INFOPLIST_FILE = LegoCV/Info.plist;
				INSTALL_PATH = "$(LOCAL_LIBRARY_DIR)/Frameworks";
				LD_RUNPATH_SEARCH_PATHS = "$(inherited) @executable_path/Frameworks @loader_path/Frameworks";
				PRODUCT_BUNDLE_IDENTIFIER = com.unifiedsense.LegoCV;
				PRODUCT_NAME = "$(TARGET_NAME)";
				SKIP_INSTALL = YES;
				SWIFT_VERSION = 3.0;
			};
			name = Release;
		};
		38B4D4C81E2AA020008AAAB0 /* Debug */ = {
			isa = XCBuildConfiguration;
			buildSettings = {
				DEVELOPMENT_TEAM = 289M6XEDV4;
				INFOPLIST_FILE = LegoCVTests/Info.plist;
				LD_RUNPATH_SEARCH_PATHS = "$(inherited) @executable_path/Frameworks @loader_path/Frameworks";
				PRODUCT_BUNDLE_IDENTIFIER = com.unifiedsense.LegoCVTests;
				PRODUCT_NAME = "$(TARGET_NAME)";
				SWIFT_VERSION = 3.0;
			};
			name = Debug;
		};
		38B4D4C91E2AA020008AAAB0 /* Release */ = {
			isa = XCBuildConfiguration;
			buildSettings = {
				DEVELOPMENT_TEAM = 289M6XEDV4;
				INFOPLIST_FILE = LegoCVTests/Info.plist;
				LD_RUNPATH_SEARCH_PATHS = "$(inherited) @executable_path/Frameworks @loader_path/Frameworks";
				PRODUCT_BUNDLE_IDENTIFIER = com.unifiedsense.LegoCVTests;
				PRODUCT_NAME = "$(TARGET_NAME)";
				SWIFT_VERSION = 3.0;
			};
			name = Release;
		};
		38B4D4E01E2AA111008AAAB0 /* Debug */ = {
			isa = XCBuildConfiguration;
			buildSettings = {
				ASSETCATALOG_COMPILER_APPICON_NAME = AppIcon;
				DEVELOPMENT_TEAM = 289M6XEDV4;
				INFOPLIST_FILE = FaceDetection/Info.plist;
				LD_RUNPATH_SEARCH_PATHS = "$(inherited) @executable_path/Frameworks";
				PRODUCT_BUNDLE_IDENTIFIER = com.unifiedsense.legocv.FaceDetection;
				PRODUCT_NAME = "$(TARGET_NAME)";
				SWIFT_VERSION = 3.0;
			};
			name = Debug;
		};
		38B4D4E11E2AA111008AAAB0 /* Release */ = {
			isa = XCBuildConfiguration;
			buildSettings = {
				ASSETCATALOG_COMPILER_APPICON_NAME = AppIcon;
				DEVELOPMENT_TEAM = 289M6XEDV4;
				INFOPLIST_FILE = FaceDetection/Info.plist;
				LD_RUNPATH_SEARCH_PATHS = "$(inherited) @executable_path/Frameworks";
				PRODUCT_BUNDLE_IDENTIFIER = com.unifiedsense.legocv.FaceDetection;
				PRODUCT_NAME = "$(TARGET_NAME)";
				SWIFT_VERSION = 3.0;
			};
			name = Release;
		};
/* End XCBuildConfiguration section */

/* Begin XCConfigurationList section */
		38B4D4AA1E2AA01F008AAAB0 /* Build configuration list for PBXProject "LegoCV" */ = {
			isa = XCConfigurationList;
			buildConfigurations = (
				38B4D4C21E2AA020008AAAB0 /* Debug */,
				38B4D4C31E2AA020008AAAB0 /* Release */,
			);
			defaultConfigurationIsVisible = 0;
			defaultConfigurationName = Release;
		};
		38B4D4C41E2AA020008AAAB0 /* Build configuration list for PBXNativeTarget "LegoCV" */ = {
			isa = XCConfigurationList;
			buildConfigurations = (
				38B4D4C51E2AA020008AAAB0 /* Debug */,
				38B4D4C61E2AA020008AAAB0 /* Release */,
			);
			defaultConfigurationIsVisible = 0;
			defaultConfigurationName = Release;
		};
		38B4D4C71E2AA020008AAAB0 /* Build configuration list for PBXNativeTarget "LegoCVTests" */ = {
			isa = XCConfigurationList;
			buildConfigurations = (
				38B4D4C81E2AA020008AAAB0 /* Debug */,
				38B4D4C91E2AA020008AAAB0 /* Release */,
			);
			defaultConfigurationIsVisible = 0;
			defaultConfigurationName = Release;
		};
		38B4D4DF1E2AA111008AAAB0 /* Build configuration list for PBXNativeTarget "FaceDetection" */ = {
			isa = XCConfigurationList;
			buildConfigurations = (
				38B4D4E01E2AA111008AAAB0 /* Debug */,
				38B4D4E11E2AA111008AAAB0 /* Release */,
			);
			defaultConfigurationIsVisible = 0;
			defaultConfigurationName = Release;
		};
/* End XCConfigurationList section */
	};
	rootObject = 38B4D4A71E2AA01F008AAAB0 /* Project object */;
}
